
Microsoft Visual Studio Solution File, Format Version 12.00
# Visual Studio Version 17
VisualStudioVersion = 17.8.34330.188
MinimumVisualStudioVersion = 10.0.40219.1
Project("{FAE04EC0-301F-11D3-BF4B-00C04F79EFBC}") = "Project Library", "Project Library.csproj", "{8F725DDD-8C85-4ACD-B311-741ED8CA9C9E}"
EndProject
Global
	GlobalSection(SolutionConfigurationPlatforms) = preSolution
		Debug|Any CPU = Debug|Any CPU
		Release|Any CPU = Release|Any CPU
	EndGlobalSection
	GlobalSection(ProjectConfigurationPlatforms) = postSolution
		{8F725DDD-8C85-4ACD-B311-741ED8CA9C9E}.Debug|Any CPU.ActiveCfg = Debug|Any CPU
		{8F725DDD-8C85-4ACD-B311-741ED8CA9C9E}.Debug|Any CPU.Build.0 = Debug|Any CPU
		{8F725DDD-8C85-4ACD-B311-741ED8CA9C9E}.Release|Any CPU.ActiveCfg = Release|Any CPU
		{8F725DDD-8C85-4ACD-B311-741ED8CA9C9E}.Release|Any CPU.Build.0 = Release|Any CPU
	EndGlobalSection
	GlobalSection(SolutionProperties) = preSolution
		HideSolutionNode = FALSE
	EndGlobalSection
	GlobalSection(ExtensibilityGlobals) = postSolution
		SolutionGuid = {30E615FB-1E1B-47C7-B0E6-9E2D4E1AC56D}
	EndGlobalSection
EndGlobal
